// !$*UTF8*$!
{
	archiveVersion = 1;
	classes = {
	};
	objectVersion = 56;
	objects = {

/* Begin PBXBuildFile section */
		160A0B6629892EAC006ED525 /* User+CoreDataClass.swift in Sources */ = {isa = PBXBuildFile; fileRef = 160A0B6429892EAC006ED525 /* User+CoreDataClass.swift */; };
		160A0B6729892EAC006ED525 /* User+CoreDataProperties.swift in Sources */ = {isa = PBXBuildFile; fileRef = 160A0B6529892EAC006ED525 /* User+CoreDataProperties.swift */; };
		162AB748297154C200B99B09 /* AppDelegate.swift in Sources */ = {isa = PBXBuildFile; fileRef = 162AB747297154C200B99B09 /* AppDelegate.swift */; };
		162AB74A297154C200B99B09 /* SceneDelegate.swift in Sources */ = {isa = PBXBuildFile; fileRef = 162AB749297154C200B99B09 /* SceneDelegate.swift */; };
		162AB74C297154C200B99B09 /* ViewController.swift in Sources */ = {isa = PBXBuildFile; fileRef = 162AB74B297154C200B99B09 /* ViewController.swift */; };
		162AB74F297154C200B99B09 /* Main.storyboard in Resources */ = {isa = PBXBuildFile; fileRef = 162AB74D297154C200B99B09 /* Main.storyboard */; };
		162AB752297154C200B99B09 /* ExpenseTrackerApp.xcdatamodeld in Sources */ = {isa = PBXBuildFile; fileRef = 162AB750297154C200B99B09 /* ExpenseTrackerApp.xcdatamodeld */; };
		162AB754297154C300B99B09 /* Assets.xcassets in Resources */ = {isa = PBXBuildFile; fileRef = 162AB753297154C300B99B09 /* Assets.xcassets */; };
		162AB757297154C300B99B09 /* LaunchScreen.storyboard in Resources */ = {isa = PBXBuildFile; fileRef = 162AB755297154C300B99B09 /* LaunchScreen.storyboard */; };
		162AB7672975879B00B99B09 /* HomeTableViewCell.swift in Sources */ = {isa = PBXBuildFile; fileRef = 162AB7662975879B00B99B09 /* HomeTableViewCell.swift */; };
		162AB769297587E600B99B09 /* HomeViewController.swift in Sources */ = {isa = PBXBuildFile; fileRef = 162AB768297587E600B99B09 /* HomeViewController.swift */; };
		162AB76B29759A0B00B99B09 /* AddViewController.swift in Sources */ = {isa = PBXBuildFile; fileRef = 162AB76A29759A0B00B99B09 /* AddViewController.swift */; };
		162AB76D2978364600B99B09 /* CategorieViewController.swift in Sources */ = {isa = PBXBuildFile; fileRef = 162AB76C2978364600B99B09 /* CategorieViewController.swift */; };
		162AB76F2978367400B99B09 /* CategorieTableViewCell.swift in Sources */ = {isa = PBXBuildFile; fileRef = 162AB76E2978367400B99B09 /* CategorieTableViewCell.swift */; };
		162AB771297A988000B99B09 /* NewsTableViewCell.swift in Sources */ = {isa = PBXBuildFile; fileRef = 162AB770297A988000B99B09 /* NewsTableViewCell.swift */; };
		162AB773297A989900B99B09 /* NewsViewController.swift in Sources */ = {isa = PBXBuildFile; fileRef = 162AB772297A989900B99B09 /* NewsViewController.swift */; };
		162AB775297ECC6A00B99B09 /* Article.swift in Sources */ = {isa = PBXBuildFile; fileRef = 162AB774297ECC6A00B99B09 /* Article.swift */; };
		162AB777297FE10000B99B09 /* LogInViewController.swift in Sources */ = {isa = PBXBuildFile; fileRef = 162AB776297FE10000B99B09 /* LogInViewController.swift */; };
		162AB77A29801DA000B99B09 /* Model.xcdatamodeld in Sources */ = {isa = PBXBuildFile; fileRef = 162AB77829801DA000B99B09 /* Model.xcdatamodeld */; };
		162AB7812981656000B99B09 /* RegisterViewController.swift in Sources */ = {isa = PBXBuildFile; fileRef = 162AB7802981656000B99B09 /* RegisterViewController.swift */; };
		162AB78329816B3500B99B09 /* WelcomeViewController.swift in Sources */ = {isa = PBXBuildFile; fileRef = 162AB78229816B3500B99B09 /* WelcomeViewController.swift */; };
		162AB7872982C64300B99B09 /* AddScreenViewController.swift in Sources */ = {isa = PBXBuildFile; fileRef = 162AB7862982C64300B99B09 /* AddScreenViewController.swift */; };
		162AB7892987F97600B99B09 /* ProfilViewController.swift in Sources */ = {isa = PBXBuildFile; fileRef = 162AB7882987F97600B99B09 /* ProfilViewController.swift */; };
/* End PBXBuildFile section */

/* Begin PBXFileReference section */
		160A0B6429892EAC006ED525 /* User+CoreDataClass.swift */ = {isa = PBXFileReference; lastKnownFileType = sourcecode.swift; path = "User+CoreDataClass.swift"; sourceTree = "<group>"; };
		160A0B6529892EAC006ED525 /* User+CoreDataProperties.swift */ = {isa = PBXFileReference; lastKnownFileType = sourcecode.swift; path = "User+CoreDataProperties.swift"; sourceTree = "<group>"; };
		162AB744297154C200B99B09 /* ExpenseTrackerApp.app */ = {isa = PBXFileReference; explicitFileType = wrapper.application; includeInIndex = 0; path = ExpenseTrackerApp.app; sourceTree = BUILT_PRODUCTS_DIR; };
		162AB747297154C200B99B09 /* AppDelegate.swift */ = {isa = PBXFileReference; lastKnownFileType = sourcecode.swift; path = AppDelegate.swift; sourceTree = "<group>"; };
		162AB749297154C200B99B09 /* SceneDelegate.swift */ = {isa = PBXFileReference; lastKnownFileType = sourcecode.swift; path = SceneDelegate.swift; sourceTree = "<group>"; };
		162AB74B297154C200B99B09 /* ViewController.swift */ = {isa = PBXFileReference; lastKnownFileType = sourcecode.swift; path = ViewController.swift; sourceTree = "<group>"; };
		162AB74E297154C200B99B09 /* Base */ = {isa = PBXFileReference; lastKnownFileType = file.storyboard; name = Base; path = Base.lproj/Main.storyboard; sourceTree = "<group>"; };
		162AB751297154C200B99B09 /* ExpenseTrackerApp.xcdatamodel */ = {isa = PBXFileReference; lastKnownFileType = wrapper.xcdatamodel; path = ExpenseTrackerApp.xcdatamodel; sourceTree = "<group>"; };
		162AB753297154C300B99B09 /* Assets.xcassets */ = {isa = PBXFileReference; lastKnownFileType = folder.assetcatalog; path = Assets.xcassets; sourceTree = "<group>"; };
		162AB756297154C300B99B09 /* Base */ = {isa = PBXFileReference; lastKnownFileType = file.storyboard; name = Base; path = Base.lproj/LaunchScreen.storyboard; sourceTree = "<group>"; };
		162AB758297154C300B99B09 /* Info.plist */ = {isa = PBXFileReference; lastKnownFileType = text.plist.xml; path = Info.plist; sourceTree = "<group>"; };
		162AB7662975879B00B99B09 /* HomeTableViewCell.swift */ = {isa = PBXFileReference; lastKnownFileType = sourcecode.swift; path = HomeTableViewCell.swift; sourceTree = "<group>"; };
		162AB768297587E600B99B09 /* HomeViewController.swift */ = {isa = PBXFileReference; lastKnownFileType = sourcecode.swift; path = HomeViewController.swift; sourceTree = "<group>"; };
		162AB76A29759A0B00B99B09 /* AddViewController.swift */ = {isa = PBXFileReference; lastKnownFileType = sourcecode.swift; path = AddViewController.swift; sourceTree = "<group>"; };
		162AB76C2978364600B99B09 /* CategorieViewController.swift */ = {isa = PBXFileReference; lastKnownFileType = sourcecode.swift; path = CategorieViewController.swift; sourceTree = "<group>"; };
		162AB76E2978367400B99B09 /* CategorieTableViewCell.swift */ = {isa = PBXFileReference; lastKnownFileType = sourcecode.swift; path = CategorieTableViewCell.swift; sourceTree = "<group>"; };
		162AB770297A988000B99B09 /* NewsTableViewCell.swift */ = {isa = PBXFileReference; lastKnownFileType = sourcecode.swift; path = NewsTableViewCell.swift; sourceTree = "<group>"; };
		162AB772297A989900B99B09 /* NewsViewController.swift */ = {isa = PBXFileReference; lastKnownFileType = sourcecode.swift; path = NewsViewController.swift; sourceTree = "<group>"; };
		162AB774297ECC6A00B99B09 /* Article.swift */ = {isa = PBXFileReference; lastKnownFileType = sourcecode.swift; path = Article.swift; sourceTree = "<group>"; };
		162AB776297FE10000B99B09 /* LogInViewController.swift */ = {isa = PBXFileReference; lastKnownFileType = sourcecode.swift; path = LogInViewController.swift; sourceTree = "<group>"; };
		162AB77929801DA000B99B09 /* Model.xcdatamodel */ = {isa = PBXFileReference; lastKnownFileType = wrapper.xcdatamodel; path = Model.xcdatamodel; sourceTree = "<group>"; };
		162AB7802981656000B99B09 /* RegisterViewController.swift */ = {isa = PBXFileReference; lastKnownFileType = sourcecode.swift; path = RegisterViewController.swift; sourceTree = "<group>"; };
		162AB78229816B3500B99B09 /* WelcomeViewController.swift */ = {isa = PBXFileReference; lastKnownFileType = sourcecode.swift; path = WelcomeViewController.swift; sourceTree = "<group>"; };
		162AB7862982C64300B99B09 /* AddScreenViewController.swift */ = {isa = PBXFileReference; lastKnownFileType = sourcecode.swift; path = AddScreenViewController.swift; sourceTree = "<group>"; };
		162AB7882987F97600B99B09 /* ProfilViewController.swift */ = {isa = PBXFileReference; lastKnownFileType = sourcecode.swift; path = ProfilViewController.swift; sourceTree = "<group>"; };
/* End PBXFileReference section */

/* Begin PBXFrameworksBuildPhase section */
		162AB741297154C200B99B09 /* Frameworks */ = {
			isa = PBXFrameworksBuildPhase;
			buildActionMask = 2147483647;
			files = (
			);
			runOnlyForDeploymentPostprocessing = 0;
		};
/* End PBXFrameworksBuildPhase section */

/* Begin PBXGroup section */
		162AB73B297154C200B99B09 = {
			isa = PBXGroup;
			children = (
				162AB746297154C200B99B09 /* ExpenseTrackerApp */,
				162AB745297154C200B99B09 /* Products */,
			);
			sourceTree = "<group>";
		};
		162AB745297154C200B99B09 /* Products */ = {
			isa = PBXGroup;
			children = (
				162AB744297154C200B99B09 /* ExpenseTrackerApp.app */,
			);
			name = Products;
			sourceTree = "<group>";
		};
		162AB746297154C200B99B09 /* ExpenseTrackerApp */ = {
			isa = PBXGroup;
			children = (
				162AB77F29801E9300B99B09 /* Model */,
				162AB747297154C200B99B09 /* AppDelegate.swift */,
				162AB749297154C200B99B09 /* SceneDelegate.swift */,
				162AB74B297154C200B99B09 /* ViewController.swift */,
				162AB78229816B3500B99B09 /* WelcomeViewController.swift */,
				162AB7802981656000B99B09 /* RegisterViewController.swift */,
				162AB776297FE10000B99B09 /* LogInViewController.swift */,
				162AB7662975879B00B99B09 /* HomeTableViewCell.swift */,
				162AB768297587E600B99B09 /* HomeViewController.swift */,
				162AB7862982C64300B99B09 /* AddScreenViewController.swift */,
				162AB76E2978367400B99B09 /* CategorieTableViewCell.swift */,
				162AB76C2978364600B99B09 /* CategorieViewController.swift */,
				162AB770297A988000B99B09 /* NewsTableViewCell.swift */,
				162AB772297A989900B99B09 /* NewsViewController.swift */,
				162AB774297ECC6A00B99B09 /* Article.swift */,
				162AB74D297154C200B99B09 /* Main.storyboard */,
				162AB753297154C300B99B09 /* Assets.xcassets */,
				162AB755297154C300B99B09 /* LaunchScreen.storyboard */,
				162AB758297154C300B99B09 /* Info.plist */,
				162AB750297154C200B99B09 /* ExpenseTrackerApp.xcdatamodeld */,
				162AB76A29759A0B00B99B09 /* AddViewController.swift */,
				162AB77829801DA000B99B09 /* Model.xcdatamodeld */,
				162AB7882987F97600B99B09 /* ProfilViewController.swift */,
			);
			path = ExpenseTrackerApp;
			sourceTree = "<group>";
		};
		162AB77F29801E9300B99B09 /* Model */ = {
			isa = PBXGroup;
			children = (
				160A0B6429892EAC006ED525 /* User+CoreDataClass.swift */,
				160A0B6529892EAC006ED525 /* User+CoreDataProperties.swift */,
			);
			path = Model;
			sourceTree = "<group>";
		};
/* End PBXGroup section */

/* Begin PBXNativeTarget section */
		162AB743297154C200B99B09 /* ExpenseTrackerApp */ = {
			isa = PBXNativeTarget;
			buildConfigurationList = 162AB75B297154C300B99B09 /* Build configuration list for PBXNativeTarget "ExpenseTrackerApp" */;
			buildPhases = (
				162AB740297154C200B99B09 /* Sources */,
				162AB741297154C200B99B09 /* Frameworks */,
				162AB742297154C200B99B09 /* Resources */,
			);
			buildRules = (
			);
			dependencies = (
			);
			name = ExpenseTrackerApp;
			productName = ExpenseTrackerApp;
			productReference = 162AB744297154C200B99B09 /* ExpenseTrackerApp.app */;
			productType = "com.apple.product-type.application";
		};
/* End PBXNativeTarget section */

/* Begin PBXProject section */
		162AB73C297154C200B99B09 /* Project object */ = {
			isa = PBXProject;
			attributes = {
				BuildIndependentTargetsInParallel = 1;
				LastSwiftUpdateCheck = 1420;
				LastUpgradeCheck = 1420;
				TargetAttributes = {
					162AB743297154C200B99B09 = {
						CreatedOnToolsVersion = 14.2;
					};
				};
			};
			buildConfigurationList = 162AB73F297154C200B99B09 /* Build configuration list for PBXProject "ExpenseTrackerApp" */;
			compatibilityVersion = "Xcode 14.0";
			developmentRegion = en;
			hasScannedForEncodings = 0;
			knownRegions = (
				en,
				Base,
			);
			mainGroup = 162AB73B297154C200B99B09;
			productRefGroup = 162AB745297154C200B99B09 /* Products */;
			projectDirPath = "";
			projectRoot = "";
			targets = (
				162AB743297154C200B99B09 /* ExpenseTrackerApp */,
			);
		};
/* End PBXProject section */

/* Begin PBXResourcesBuildPhase section */
		162AB742297154C200B99B09 /* Resources */ = {
			isa = PBXResourcesBuildPhase;
			buildActionMask = 2147483647;
			files = (
				162AB757297154C300B99B09 /* LaunchScreen.storyboard in Resources */,
				162AB754297154C300B99B09 /* Assets.xcassets in Resources */,
				162AB74F297154C200B99B09 /* Main.storyboard in Resources */,
			);
			runOnlyForDeploymentPostprocessing = 0;
		};
/* End PBXResourcesBuildPhase section */

/* Begin PBXSourcesBuildPhase section */
		162AB740297154C200B99B09 /* Sources */ = {
			isa = PBXSourcesBuildPhase;
			buildActionMask = 2147483647;
			files = (
				162AB769297587E600B99B09 /* HomeViewController.swift in Sources */,
				162AB74C297154C200B99B09 /* ViewController.swift in Sources */,
				162AB771297A988000B99B09 /* NewsTableViewCell.swift in Sources */,
				160A0B6629892EAC006ED525 /* User+CoreDataClass.swift in Sources */,
				162AB77A29801DA000B99B09 /* Model.xcdatamodeld in Sources */,
				162AB76D2978364600B99B09 /* CategorieViewController.swift in Sources */,
				162AB773297A989900B99B09 /* NewsViewController.swift in Sources */,
				162AB76B29759A0B00B99B09 /* AddViewController.swift in Sources */,
				162AB777297FE10000B99B09 /* LogInViewController.swift in Sources */,
				162AB78329816B3500B99B09 /* WelcomeViewController.swift in Sources */,
				162AB76F2978367400B99B09 /* CategorieTableViewCell.swift in Sources */,
				162AB7672975879B00B99B09 /* HomeTableViewCell.swift in Sources */,
				162AB7872982C64300B99B09 /* AddScreenViewController.swift in Sources */,
				162AB775297ECC6A00B99B09 /* Article.swift in Sources */,
				162AB748297154C200B99B09 /* AppDelegate.swift in Sources */,
				162AB7812981656000B99B09 /* RegisterViewController.swift in Sources */,
				162AB7892987F97600B99B09 /* ProfilViewController.swift in Sources */,
				162AB74A297154C200B99B09 /* SceneDelegate.swift in Sources */,
				160A0B6729892EAC006ED525 /* User+CoreDataProperties.swift in Sources */,
				162AB752297154C200B99B09 /* ExpenseTrackerApp.xcdatamodeld in Sources */,
			);
			runOnlyForDeploymentPostprocessing = 0;
		};
/* End PBXSourcesBuildPhase section */

/* Begin PBXVariantGroup section */
		162AB74D297154C200B99B09 /* Main.storyboard */ = {
			isa = PBXVariantGroup;
			children = (
				162AB74E297154C200B99B09 /* Base */,
			);
			name = Main.storyboard;
			sourceTree = "<group>";
		};
		162AB755297154C300B99B09 /* LaunchScreen.storyboard */ = {
			isa = PBXVariantGroup;
			children = (
				162AB756297154C300B99B09 /* Base */,
			);
			name = LaunchScreen.storyboard;
			sourceTree = "<group>";
		};
/* End PBXVariantGroup section */

/* Begin XCBuildConfiguration section */
		162AB759297154C300B99B09 /* Debug */ = {
			isa = XCBuildConfiguration;
			buildSettings = {
				ALWAYS_SEARCH_USER_PATHS = NO;
				CLANG_ANALYZER_NONNULL = YES;
				CLANG_ANALYZER_NUMBER_OBJECT_CONVERSION = YES_AGGRESSIVE;
				CLANG_CXX_LANGUAGE_STANDARD = "gnu++20";
				CLANG_ENABLE_MODULES = YES;
				CLANG_ENABLE_OBJC_ARC = YES;
				CLANG_ENABLE_OBJC_WEAK = YES;
				CLANG_WARN_BLOCK_CAPTURE_AUTORELEASING = YES;
				CLANG_WARN_BOOL_CONVERSION = YES;
				CLANG_WARN_COMMA = YES;
				CLANG_WARN_CONSTANT_CONVERSION = YES;
				CLANG_WARN_DEPRECATED_OBJC_IMPLEMENTATIONS = YES;
				CLANG_WARN_DIRECT_OBJC_ISA_USAGE = YES_ERROR;
				CLANG_WARN_DOCUMENTATION_COMMENTS = YES;
				CLANG_WARN_EMPTY_BODY = YES;
				CLANG_WARN_ENUM_CONVERSION = YES;
				CLANG_WARN_INFINITE_RECURSION = YES;
				CLANG_WARN_INT_CONVERSION = YES;
				CLANG_WARN_NON_LITERAL_NULL_CONVERSION = YES;
				CLANG_WARN_OBJC_IMPLICIT_RETAIN_SELF = YES;
				CLANG_WARN_OBJC_LITERAL_CONVERSION = YES;
				CLANG_WARN_OBJC_ROOT_CLASS = YES_ERROR;
				CLANG_WARN_QUOTED_INCLUDE_IN_FRAMEWORK_HEADER = YES;
				CLANG_WARN_RANGE_LOOP_ANALYSIS = YES;
				CLANG_WARN_STRICT_PROTOTYPES = YES;
				CLANG_WARN_SUSPICIOUS_MOVE = YES;
				CLANG_WARN_UNGUARDED_AVAILABILITY = YES_AGGRESSIVE;
				CLANG_WARN_UNREACHABLE_CODE = YES;
				CLANG_WARN__DUPLICATE_METHOD_MATCH = YES;
				COPY_PHASE_STRIP = NO;
				DEBUG_INFORMATION_FORMAT = dwarf;
				ENABLE_STRICT_OBJC_MSGSEND = YES;
				ENABLE_TESTABILITY = YES;
				GCC_C_LANGUAGE_STANDARD = gnu11;
				GCC_DYNAMIC_NO_PIC = NO;
				GCC_NO_COMMON_BLOCKS = YES;
				GCC_OPTIMIZATION_LEVEL = 0;
				GCC_PREPROCESSOR_DEFINITIONS = (
					"DEBUG=1",
					"$(inherited)",
				);
				GCC_WARN_64_TO_32_BIT_CONVERSION = YES;
				GCC_WARN_ABOUT_RETURN_TYPE = YES_ERROR;
				GCC_WARN_UNDECLARED_SELECTOR = YES;
				GCC_WARN_UNINITIALIZED_AUTOS = YES_AGGRESSIVE;
				GCC_WARN_UNUSED_FUNCTION = YES;
				GCC_WARN_UNUSED_VARIABLE = YES;
				IPHONEOS_DEPLOYMENT_TARGET = 16.2;
				MTL_ENABLE_DEBUG_INFO = INCLUDE_SOURCE;
				MTL_FAST_MATH = YES;
				ONLY_ACTIVE_ARCH = YES;
				SDKROOT = iphoneos;
				SWIFT_ACTIVE_COMPILATION_CONDITIONS = DEBUG;
				SWIFT_OPTIMIZATION_LEVEL = "-Onone";
			};
			name = Debug;
		};
		162AB75A297154C300B99B09 /* Release */ = {
			isa = XCBuildConfiguration;
			buildSettings = {
				ALWAYS_SEARCH_USER_PATHS = NO;
				CLANG_ANALYZER_NONNULL = YES;
				CLANG_ANALYZER_NUMBER_OBJECT_CONVERSION = YES_AGGRESSIVE;
				CLANG_CXX_LANGUAGE_STANDARD = "gnu++20";
				CLANG_ENABLE_MODULES = YES;
				CLANG_ENABLE_OBJC_ARC = YES;
				CLANG_ENABLE_OBJC_WEAK = YES;
				CLANG_WARN_BLOCK_CAPTURE_AUTORELEASING = YES;
				CLANG_WARN_BOOL_CONVERSION = YES;
				CLANG_WARN_COMMA = YES;
				CLANG_WARN_CONSTANT_CONVERSION = YES;
				CLANG_WARN_DEPRECATED_OBJC_IMPLEMENTATIONS = YES;
				CLANG_WARN_DIRECT_OBJC_ISA_USAGE = YES_ERROR;
				CLANG_WARN_DOCUMENTATION_COMMENTS = YES;
				CLANG_WARN_EMPTY_BODY = YES;
				CLANG_WARN_ENUM_CONVERSION = YES;
				CLANG_WARN_INFINITE_RECURSION = YES;
				CLANG_WARN_INT_CONVERSION = YES;
				CLANG_WARN_NON_LITERAL_NULL_CONVERSION = YES;
				CLANG_WARN_OBJC_IMPLICIT_RETAIN_SELF = YES;
				CLANG_WARN_OBJC_LITERAL_CONVERSION = YES;
				CLANG_WARN_OBJC_ROOT_CLASS = YES_ERROR;
				CLANG_WARN_QUOTED_INCLUDE_IN_FRAMEWORK_HEADER = YES;
				CLANG_WARN_RANGE_LOOP_ANALYSIS = YES;
				CLANG_WARN_STRICT_PROTOTYPES = YES;
				CLANG_WARN_SUSPICIOUS_MOVE = YES;
				CLANG_WARN_UNGUARDED_AVAILABILITY = YES_AGGRESSIVE;
				CLANG_WARN_UNREACHABLE_CODE = YES;
				CLANG_WARN__DUPLICATE_METHOD_MATCH = YES;
				COPY_PHASE_STRIP = NO;
				DEBUG_INFORMATION_FORMAT = "dwarf-with-dsym";
				ENABLE_NS_ASSERTIONS = NO;
				ENABLE_STRICT_OBJC_MSGSEND = YES;
				GCC_C_LANGUAGE_STANDARD = gnu11;
				GCC_NO_COMMON_BLOCKS = YES;
				GCC_WARN_64_TO_32_BIT_CONVERSION = YES;
				GCC_WARN_ABOUT_RETURN_TYPE = YES_ERROR;
				GCC_WARN_UNDECLARED_SELECTOR = YES;
				GCC_WARN_UNINITIALIZED_AUTOS = YES_AGGRESSIVE;
				GCC_WARN_UNUSED_FUNCTION = YES;
				GCC_WARN_UNUSED_VARIABLE = YES;
				IPHONEOS_DEPLOYMENT_TARGET = 16.2;
				MTL_ENABLE_DEBUG_INFO = NO;
				MTL_FAST_MATH = YES;
				SDKROOT = iphoneos;
				SWIFT_COMPILATION_MODE = wholemodule;
				SWIFT_OPTIMIZATION_LEVEL = "-O";
				VALIDATE_PRODUCT = YES;
			};
			name = Release;
		};
		162AB75C297154C300B99B09 /* Debug */ = {
			isa = XCBuildConfiguration;
			buildSettings = {
				ASSETCATALOG_COMPILER_APPICON_NAME = AppIcon;
				ASSETCATALOG_COMPILER_GLOBAL_ACCENT_COLOR_NAME = AccentColor;
				CODE_SIGN_STYLE = Automatic;
				CURRENT_PROJECT_VERSION = 1;
				DEVELOPMENT_TEAM = 8988PB3MJT;
				GENERATE_INFOPLIST_FILE = YES;
				INFOPLIST_FILE = ExpenseTrackerApp/Info.plist;
				INFOPLIST_KEY_UIApplicationSupportsIndirectInputEvents = YES;
				INFOPLIST_KEY_UILaunchStoryboardName = LaunchScreen;
				INFOPLIST_KEY_UIMainStoryboardFile = Main;
				INFOPLIST_KEY_UISupportedInterfaceOrientations_iPad = "UIInterfaceOrientationPortrait UIInterfaceOrientationPortraitUpsideDown UIInterfaceOrientationLandscapeLeft UIInterfaceOrientationLandscapeRight";
				INFOPLIST_KEY_UISupportedInterfaceOrientations_iPhone = "UIInterfaceOrientationPortrait UIInterfaceOrientationLandscapeLeft UIInterfaceOrientationLandscapeRight";
				LD_RUNPATH_SEARCH_PATHS = (
					"$(inherited)",
					"@executable_path/Frameworks",
				);
				MARKETING_VERSION = 1.0;
				PRODUCT_BUNDLE_IDENTIFIER = com.nr..ExpenseTrackerApp;
				PRODUCT_NAME = "$(TARGET_NAME)";
				SWIFT_EMIT_LOC_STRINGS = YES;
				SWIFT_VERSION = 5.0;
				TARGETED_DEVICE_FAMILY = "1,2";
			};
			name = Debug;
		};
		162AB75D297154C300B99B09 /* Release */ = {
			isa = XCBuildConfiguration;
			buildSettings = {
				ASSETCATALOG_COMPILER_APPICON_NAME = AppIcon;
				ASSETCATALOG_COMPILER_GLOBAL_ACCENT_COLOR_NAME = AccentColor;
				CODE_SIGN_STYLE = Automatic;
				CURRENT_PROJECT_VERSION = 1;
				DEVELOPMENT_TEAM = 8988PB3MJT;
				GENERATE_INFOPLIST_FILE = YES;
				INFOPLIST_FILE = ExpenseTrackerApp/Info.plist;
				INFOPLIST_KEY_UIApplicationSupportsIndirectInputEvents = YES;
				INFOPLIST_KEY_UILaunchStoryboardName = LaunchScreen;
				INFOPLIST_KEY_UIMainStoryboardFile = Main;
				INFOPLIST_KEY_UISupportedInterfaceOrientations_iPad = "UIInterfaceOrientationPortrait UIInterfaceOrientationPortraitUpsideDown UIInterfaceOrientationLandscapeLeft UIInterfaceOrientationLandscapeRight";
				INFOPLIST_KEY_UISupportedInterfaceOrientations_iPhone = "UIInterfaceOrientationPortrait UIInterfaceOrientationLandscapeLeft UIInterfaceOrientationLandscapeRight";
				LD_RUNPATH_SEARCH_PATHS = (
					"$(inherited)",
					"@executable_path/Frameworks",
				);
				MARKETING_VERSION = 1.0;
				PRODUCT_BUNDLE_IDENTIFIER = com.nr..ExpenseTrackerApp;
				PRODUCT_NAME = "$(TARGET_NAME)";
				SWIFT_EMIT_LOC_STRINGS = YES;
				SWIFT_VERSION = 5.0;
				TARGETED_DEVICE_FAMILY = "1,2";
			};
			name = Release;
		};
/* End XCBuildConfiguration section */

/* Begin XCConfigurationList section */
		162AB73F297154C200B99B09 /* Build configuration list for PBXProject "ExpenseTrackerApp" */ = {
			isa = XCConfigurationList;
			buildConfigurations = (
				162AB759297154C300B99B09 /* Debug */,
				162AB75A297154C300B99B09 /* Release */,
			);
			defaultConfigurationIsVisible = 0;
			defaultConfigurationName = Release;
		};
		162AB75B297154C300B99B09 /* Build configuration list for PBXNativeTarget "ExpenseTrackerApp" */ = {
			isa = XCConfigurationList;
			buildConfigurations = (
				162AB75C297154C300B99B09 /* Debug */,
				162AB75D297154C300B99B09 /* Release */,
			);
			defaultConfigurationIsVisible = 0;
			defaultConfigurationName = Release;
		};
/* End XCConfigurationList section */

/* Begin XCVersionGroup section */
		162AB750297154C200B99B09 /* ExpenseTrackerApp.xcdatamodeld */ = {
			isa = XCVersionGroup;
			children = (
				162AB751297154C200B99B09 /* ExpenseTrackerApp.xcdatamodel */,
			);
			currentVersion = 162AB751297154C200B99B09 /* ExpenseTrackerApp.xcdatamodel */;
			path = ExpenseTrackerApp.xcdatamodeld;
			sourceTree = "<group>";
			versionGroupType = wrapper.xcdatamodel;
		};
		162AB77829801DA000B99B09 /* Model.xcdatamodeld */ = {
			isa = XCVersionGroup;
			children = (
				162AB77929801DA000B99B09 /* Model.xcdatamodel */,
			);
			currentVersion = 162AB77929801DA000B99B09 /* Model.xcdatamodel */;
			path = Model.xcdatamodeld;
			sourceTree = "<group>";
			versionGroupType = wrapper.xcdatamodel;
		};
/* End XCVersionGroup section */
	};
	rootObject = 162AB73C297154C200B99B09 /* Project object */;
}
